
Microsoft Visual Studio Solution File, Format Version 12.00
# Visual Studio 2013
VisualStudioVersion = 12.0.31101.0
MinimumVisualStudioVersion = 10.0.40219.1
Project("{FAE04EC0-301F-11D3-BF4B-00C04F79EFBC}") = "AdvancedStringHandlingInCSharp", "AdvancedStringHandlingInCSharp.csproj", "{82B4F887-4A95-47A8-998B-FEDD4605D701}"
EndProject
Project("{FAE04EC0-301F-11D3-BF4B-00C04F79EFBC}") = "MyExtensions", "..\MyExtensions\MyExtensions.csproj", "{E84222DF-341B-4746-B131-CBC9FD226B5D}"
EndProject
Project("{FAE04EC0-301F-11D3-BF4B-00C04F79EFBC}") = "MyExtensions.Tests", "..\MyExtensions.Test\MyExtensions.Tests.csproj", "{8AD5BB52-0A3F-44A7-A6DA-DE1E4F4DB1CB}"
EndProject
Global
	GlobalSection(SolutionConfigurationPlatforms) = preSolution
		Debug|Any CPU = Debug|Any CPU
		Release|Any CPU = Release|Any CPU
	EndGlobalSection
	GlobalSection(ProjectConfigurationPlatforms) = postSolution
		{82B4F887-4A95-47A8-998B-FEDD4605D701}.Debug|Any CPU.ActiveCfg = Debug|Any CPU
		{82B4F887-4A95-47A8-998B-FEDD4605D701}.Debug|Any CPU.Build.0 = Debug|Any CPU
		{82B4F887-4A95-47A8-998B-FEDD4605D701}.Release|Any CPU.ActiveCfg = Release|Any CPU
		{82B4F887-4A95-47A8-998B-FEDD4605D701}.Release|Any CPU.Build.0 = Release|Any CPU
		{E84222DF-341B-4746-B131-CBC9FD226B5D}.Debug|Any CPU.ActiveCfg = Debug|Any CPU
		{E84222DF-341B-4746-B131-CBC9FD226B5D}.Debug|Any CPU.Build.0 = Debug|Any CPU
		{E84222DF-341B-4746-B131-CBC9FD226B5D}.Release|Any CPU.ActiveCfg = Release|Any CPU
		{E84222DF-341B-4746-B131-CBC9FD226B5D}.Release|Any CPU.Build.0 = Release|Any CPU
		{8AD5BB52-0A3F-44A7-A6DA-DE1E4F4DB1CB}.Debug|Any CPU.ActiveCfg = Debug|Any CPU
		{8AD5BB52-0A3F-44A7-A6DA-DE1E4F4DB1CB}.Debug|Any CPU.Build.0 = Debug|Any CPU
		{8AD5BB52-0A3F-44A7-A6DA-DE1E4F4DB1CB}.Release|Any CPU.ActiveCfg = Release|Any CPU
		{8AD5BB52-0A3F-44A7-A6DA-DE1E4F4DB1CB}.Release|Any CPU.Build.0 = Release|Any CPU
	EndGlobalSection
	GlobalSection(SolutionProperties) = preSolution
		HideSolutionNode = FALSE
	EndGlobalSection
EndGlobal
